// !$*UTF8*$!
{
	archiveVersion = 1;
	classes = {
	};
	objectVersion = 48;
	objects = {

/* Begin PBXBuildFile section */
		D661C37D1FEB97400016CBDD /* AppDelegate.swift in Sources */ = {isa = PBXBuildFile; fileRef = D661C37C1FEB97400016CBDD /* AppDelegate.swift */; };
		D661C37F1FEB97400016CBDD /* ViewController.swift in Sources */ = {isa = PBXBuildFile; fileRef = D661C37E1FEB97400016CBDD /* ViewController.swift */; };
		D661C3821FEB97400016CBDD /* Main.storyboard in Resources */ = {isa = PBXBuildFile; fileRef = D661C3801FEB97400016CBDD /* Main.storyboard */; };
		D661C3841FEB97400016CBDD /* Assets.xcassets in Resources */ = {isa = PBXBuildFile; fileRef = D661C3831FEB97400016CBDD /* Assets.xcassets */; };
		D661C3871FEB97400016CBDD /* LaunchScreen.storyboard in Resources */ = {isa = PBXBuildFile; fileRef = D661C3851FEB97400016CBDD /* LaunchScreen.storyboard */; };
/* End PBXBuildFile section */

/* Begin PBXFileReference section */
		D661C3791FEB97400016CBDD /* UIScrollView With UIPageControl by storyboard.app */ = {isa = PBXFileReference; explicitFileType = wrapper.application; includeInIndex = 0; path = "UIScrollView With UIPageControl by storyboard.app"; sourceTree = BUILT_PRODUCTS_DIR; };
		D661C37C1FEB97400016CBDD /* AppDelegate.swift */ = {isa = PBXFileReference; lastKnownFileType = sourcecode.swift; path = AppDelegate.swift; sourceTree = "<group>"; };
		D661C37E1FEB97400016CBDD /* ViewController.swift */ = {isa = PBXFileReference; lastKnownFileType = sourcecode.swift; path = ViewController.swift; sourceTree = "<group>"; };
		D661C3811FEB97400016CBDD /* Base */ = {isa = PBXFileReference; lastKnownFileType = file.storyboard; name = Base; path = Base.lproj/Main.storyboard; sourceTree = "<group>"; };
		D661C3831FEB97400016CBDD /* Assets.xcassets */ = {isa = PBXFileReference; lastKnownFileType = folder.assetcatalog; path = Assets.xcassets; sourceTree = "<group>"; };
		D661C3861FEB97400016CBDD /* Base */ = {isa = PBXFileReference; lastKnownFileType = file.storyboard; name = Base; path = Base.lproj/LaunchScreen.storyboard; sourceTree = "<group>"; };
		D661C3881FEB97400016CBDD /* Info.plist */ = {isa = PBXFileReference; lastKnownFileType = text.plist.xml; path = Info.plist; sourceTree = "<group>"; };
/* End PBXFileReference section */

/* Begin PBXFrameworksBuildPhase section */
		D661C3761FEB97400016CBDD /* Frameworks */ = {
			isa = PBXFrameworksBuildPhase;
			buildActionMask = 2147483647;
			files = (
			);
			runOnlyForDeploymentPostprocessing = 0;
		};
/* End PBXFrameworksBuildPhase section */

/* Begin PBXGroup section */
		D661C3701FEB97400016CBDD = {
			isa = PBXGroup;
			children = (
				D661C37B1FEB97400016CBDD /* UIScrollView With UIPageControl by storyboard */,
				D661C37A1FEB97400016CBDD /* Products */,
			);
			sourceTree = "<group>";
		};
		D661C37A1FEB97400016CBDD /* Products */ = {
			isa = PBXGroup;
			children = (
				D661C3791FEB97400016CBDD /* UIScrollView With UIPageControl by storyboard.app */,
			);
			name = Products;
			sourceTree = "<group>";
		};
		D661C37B1FEB97400016CBDD /* UIScrollView With UIPageControl by storyboard */ = {
			isa = PBXGroup;
			children = (
				D661C37C1FEB97400016CBDD /* AppDelegate.swift */,
				D661C37E1FEB97400016CBDD /* ViewController.swift */,
				D661C3801FEB97400016CBDD /* Main.storyboard */,
				D661C3831FEB97400016CBDD /* Assets.xcassets */,
				D661C3851FEB97400016CBDD /* LaunchScreen.storyboard */,
				D661C3881FEB97400016CBDD /* Info.plist */,
			);
			path = "UIScrollView With UIPageControl by storyboard";
			sourceTree = "<group>";
		};
/* End PBXGroup section */

/* Begin PBXNativeTarget section */
		D661C3781FEB97400016CBDD /* UIScrollView With UIPageControl by storyboard */ = {
			isa = PBXNativeTarget;
			buildConfigurationList = D661C38B1FEB97400016CBDD /* Build configuration list for PBXNativeTarget "UIScrollView With UIPageControl by storyboard" */;
			buildPhases = (
				D661C3751FEB97400016CBDD /* Sources */,
				D661C3761FEB97400016CBDD /* Frameworks */,
				D661C3771FEB97400016CBDD /* Resources */,
			);
			buildRules = (
			);
			dependencies = (
			);
			name = "UIScrollView With UIPageControl by storyboard";
			productName = "UIScrollView With UIPageControl by storyboard";
			productReference = D661C3791FEB97400016CBDD /* UIScrollView With UIPageControl by storyboard.app */;
			productType = "com.apple.product-type.application";
		};
/* End PBXNativeTarget section */

/* Begin PBXProject section */
		D661C3711FEB97400016CBDD /* Project object */ = {
			isa = PBXProject;
			attributes = {
				LastSwiftUpdateCheck = 0920;
				LastUpgradeCheck = 0920;
				ORGANIZATIONNAME = EthanLin;
				TargetAttributes = {
					D661C3781FEB97400016CBDD = {
						CreatedOnToolsVersion = 9.2;
						ProvisioningStyle = Automatic;
					};
				};
			};
			buildConfigurationList = D661C3741FEB97400016CBDD /* Build configuration list for PBXProject "UIScrollView With UIPageControl by storyboard" */;
			compatibilityVersion = "Xcode 8.0";
			developmentRegion = en;
			hasScannedForEncodings = 0;
			knownRegions = (
				en,
				Base,
			);
			mainGroup = D661C3701FEB97400016CBDD;
			productRefGroup = D661C37A1FEB97400016CBDD /* Products */;
			projectDirPath = "";
			projectRoot = "";
			targets = (
				D661C3781FEB97400016CBDD /* UIScrollView With UIPageControl by storyboard */,
			);
		};
/* End PBXProject section */

/* Begin PBXResourcesBuildPhase section */
		D661C3771FEB97400016CBDD /* Resources */ = {
			isa = PBXResourcesBuildPhase;
			buildActionMask = 2147483647;
			files = (
				D661C3871FEB97400016CBDD /* LaunchScreen.storyboard in Resources */,
				D661C3841FEB97400016CBDD /* Assets.xcassets in Resources */,
				D661C3821FEB97400016CBDD /* Main.storyboard in Resources */,
			);
			runOnlyForDeploymentPostprocessing = 0;
		};
/* End PBXResourcesBuildPhase section */

/* Begin PBXSourcesBuildPhase section */
		D661C3751FEB97400016CBDD /* Sources */ = {
			isa = PBXSourcesBuildPhase;
			buildActionMask = 2147483647;
			files = (
				D661C37F1FEB97400016CBDD /* ViewController.swift in Sources */,
				D661C37D1FEB97400016CBDD /* AppDelegate.swift in Sources */,
			);
			runOnlyForDeploymentPostprocessing = 0;
		};
/* End PBXSourcesBuildPhase section */

/* Begin PBXVariantGroup section */
		D661C3801FEB97400016CBDD /* Main.storyboard */ = {
			isa = PBXVariantGroup;
			children = (
				D661C3811FEB97400016CBDD /* Base */,
			);
			name = Main.storyboard;
			sourceTree = "<group>";
		};
		D661C3851FEB97400016CBDD /* LaunchScreen.storyboard */ = {
			isa = PBXVariantGroup;
			children = (
				D661C3861FEB97400016CBDD /* Base */,
			);
			name = LaunchScreen.storyboard;
			sourceTree = "<group>";
		};
/* End PBXVariantGroup section */

/* Begin XCBuildConfiguration section */
		D661C3891FEB97400016CBDD /* Debug */ = {
			isa = XCBuildConfiguration;
			buildSettings = {
				ALWAYS_SEARCH_USER_PATHS = NO;
				CLANG_ANALYZER_NONNULL = YES;
				CLANG_ANALYZER_NUMBER_OBJECT_CONVERSION = YES_AGGRESSIVE;
				CLANG_CXX_LANGUAGE_STANDARD = "gnu++14";
				CLANG_CXX_LIBRARY = "libc++";
				CLANG_ENABLE_MODULES = YES;
				CLANG_ENABLE_OBJC_ARC = YES;
				CLANG_WARN_BLOCK_CAPTURE_AUTORELEASING = YES;
				CLANG_WARN_BOOL_CONVERSION = YES;
				CLANG_WARN_COMMA = YES;
				CLANG_WARN_CONSTANT_CONVERSION = YES;
				CLANG_WARN_DIRECT_OBJC_ISA_USAGE = YES_ERROR;
				CLANG_WARN_DOCUMENTATION_COMMENTS = YES;
				CLANG_WARN_EMPTY_BODY = YES;
				CLANG_WARN_ENUM_CONVERSION = YES;
				CLANG_WARN_INFINITE_RECURSION = YES;
				CLANG_WARN_INT_CONVERSION = YES;
				CLANG_WARN_NON_LITERAL_NULL_CONVERSION = YES;
				CLANG_WARN_OBJC_LITERAL_CONVERSION = YES;
				CLANG_WARN_OBJC_ROOT_CLASS = YES_ERROR;
				CLANG_WARN_RANGE_LOOP_ANALYSIS = YES;
				CLANG_WARN_STRICT_PROTOTYPES = YES;
				CLANG_WARN_SUSPICIOUS_MOVE = YES;
				CLANG_WARN_UNGUARDED_AVAILABILITY = YES_AGGRESSIVE;
				CLANG_WARN_UNREACHABLE_CODE = YES;
				CLANG_WARN__DUPLICATE_METHOD_MATCH = YES;
				CODE_SIGN_IDENTITY = "iPhone Developer";
				COPY_PHASE_STRIP = NO;
				DEBUG_INFORMATION_FORMAT = dwarf;
				ENABLE_STRICT_OBJC_MSGSEND = YES;
				ENABLE_TESTABILITY = YES;
				GCC_C_LANGUAGE_STANDARD = gnu11;
				GCC_DYNAMIC_NO_PIC = NO;
				GCC_NO_COMMON_BLOCKS = YES;
				GCC_OPTIMIZATION_LEVEL = 0;
				GCC_PREPROCESSOR_DEFINITIONS = (
					"DEBUG=1",
					"$(inherited)",
				);
				GCC_WARN_64_TO_32_BIT_CONVERSION = YES;
				GCC_WARN_ABOUT_RETURN_TYPE = YES_ERROR;
				GCC_WARN_UNDECLARED_SELECTOR = YES;
				GCC_WARN_UNINITIALIZED_AUTOS = YES_AGGRESSIVE;
				GCC_WARN_UNUSED_FUNCTION = YES;
				GCC_WARN_UNUSED_VARIABLE = YES;
				IPHONEOS_DEPLOYMENT_TARGET = 11.2;
				MTL_ENABLE_DEBUG_INFO = YES;
				ONLY_ACTIVE_ARCH = YES;
				SDKROOT = iphoneos;
				SWIFT_ACTIVE_COMPILATION_CONDITIONS = DEBUG;
				SWIFT_OPTIMIZATION_LEVEL = "-Onone";
			};
			name = Debug;
		};
		D661C38A1FEB97400016CBDD /* Release */ = {
			isa = XCBuildConfiguration;
			buildSettings = {
				ALWAYS_SEARCH_USER_PATHS = NO;
				CLANG_ANALYZER_NONNULL = YES;
				CLANG_ANALYZER_NUMBER_OBJECT_CONVERSION = YES_AGGRESSIVE;
				CLANG_CXX_LANGUAGE_STANDARD = "gnu++14";
				CLANG_CXX_LIBRARY = "libc++";
				CLANG_ENABLE_MODULES = YES;
				CLANG_ENABLE_OBJC_ARC = YES;
				CLANG_WARN_BLOCK_CAPTURE_AUTORELEASING = YES;
				CLANG_WARN_BOOL_CONVERSION = YES;
				CLANG_WARN_COMMA = YES;
				CLANG_WARN_CONSTANT_CONVERSION = YES;
				CLANG_WARN_DIRECT_OBJC_ISA_USAGE = YES_ERROR;
				CLANG_WARN_DOCUMENTATION_COMMENTS = YES;
				CLANG_WARN_EMPTY_BODY = YES;
				CLANG_WARN_ENUM_CONVERSION = YES;
				CLANG_WARN_INFINITE_RECURSION = YES;
				CLANG_WARN_INT_CONVERSION = YES;
				CLANG_WARN_NON_LITERAL_NULL_CONVERSION = YES;
				CLANG_WARN_OBJC_LITERAL_CONVERSION = YES;
				CLANG_WARN_OBJC_ROOT_CLASS = YES_ERROR;
				CLANG_WARN_RANGE_LOOP_ANALYSIS = YES;
				CLANG_WARN_STRICT_PROTOTYPES = YES;
				CLANG_WARN_SUSPICIOUS_MOVE = YES;
				CLANG_WARN_UNGUARDED_AVAILABILITY = YES_AGGRESSIVE;
				CLANG_WARN_UNREACHABLE_CODE = YES;
				CLANG_WARN__DUPLICATE_METHOD_MATCH = YES;
				CODE_SIGN_IDENTITY = "iPhone Developer";
				COPY_PHASE_STRIP = NO;
				DEBUG_INFORMATION_FORMAT = "dwarf-with-dsym";
				ENABLE_NS_ASSERTIONS = NO;
				ENABLE_STRICT_OBJC_MSGSEND = YES;
				GCC_C_LANGUAGE_STANDARD = gnu11;
				GCC_NO_COMMON_BLOCKS = YES;
				GCC_WARN_64_TO_32_BIT_CONVERSION = YES;
				GCC_WARN_ABOUT_RETURN_TYPE = YES_ERROR;
				GCC_WARN_UNDECLARED_SELECTOR = YES;
				GCC_WARN_UNINITIALIZED_AUTOS = YES_AGGRESSIVE;
				GCC_WARN_UNUSED_FUNCTION = YES;
				GCC_WARN_UNUSED_VARIABLE = YES;
				IPHONEOS_DEPLOYMENT_TARGET = 11.2;
				MTL_ENABLE_DEBUG_INFO = NO;
				SDKROOT = iphoneos;
				SWIFT_OPTIMIZATION_LEVEL = "-Owholemodule";
				VALIDATE_PRODUCT = YES;
			};
			name = Release;
		};
		D661C38C1FEB97400016CBDD /* Debug */ = {
			isa = XCBuildConfiguration;
			buildSettings = {
				ASSETCATALOG_COMPILER_APPICON_NAME = AppIcon;
				CODE_SIGN_STYLE = Automatic;
				DEVELOPMENT_TEAM = 47R4BK8PQH;
				INFOPLIST_FILE = "UIScrollView With UIPageControl by storyboard/Info.plist";
				LD_RUNPATH_SEARCH_PATHS = "$(inherited) @executable_path/Frameworks";
				PRODUCT_BUNDLE_IDENTIFIER = "com.ethan510010.UIScrollView-With-UIPageControl-by-storyboard";
				PRODUCT_NAME = "$(TARGET_NAME)";
				SWIFT_VERSION = 4.0;
				TARGETED_DEVICE_FAMILY = "1,2";
			};
			name = Debug;
		};
		D661C38D1FEB97400016CBDD /* Release */ = {
			isa = XCBuildConfiguration;
			buildSettings = {
				ASSETCATALOG_COMPILER_APPICON_NAME = AppIcon;
				CODE_SIGN_STYLE = Automatic;
				DEVELOPMENT_TEAM = 47R4BK8PQH;
				INFOPLIST_FILE = "UIScrollView With UIPageControl by storyboard/Info.plist";
				LD_RUNPATH_SEARCH_PATHS = "$(inherited) @executable_path/Frameworks";
				PRODUCT_BUNDLE_IDENTIFIER = "com.ethan510010.UIScrollView-With-UIPageControl-by-storyboard";
				PRODUCT_NAME = "$(TARGET_NAME)";
				SWIFT_VERSION = 4.0;
				TARGETED_DEVICE_FAMILY = "1,2";
			};
			name = Release;
		};
/* End XCBuildConfiguration section */

/* Begin XCConfigurationList section */
		D661C3741FEB97400016CBDD /* Build configuration list for PBXProject "UIScrollView With UIPageControl by storyboard" */ = {
			isa = XCConfigurationList;
			buildConfigurations = (
				D661C3891FEB97400016CBDD /* Debug */,
				D661C38A1FEB97400016CBDD /* Release */,
			);
			defaultConfigurationIsVisible = 0;
			defaultConfigurationName = Release;
		};
		D661C38B1FEB97400016CBDD /* Build configuration list for PBXNativeTarget "UIScrollView With UIPageControl by storyboard" */ = {
			isa = XCConfigurationList;
			buildConfigurations = (
				D661C38C1FEB97400016CBDD /* Debug */,
				D661C38D1FEB97400016CBDD /* Release */,
			);
			defaultConfigurationIsVisible = 0;
			defaultConfigurationName = Release;
		};
/* End XCConfigurationList section */
	};
	rootObject = D661C3711FEB97400016CBDD /* Project object */;
}
